// !$*UTF8*$!
{
	archiveVersion = 1;
	classes = {
	};
	objectVersion = 46;
	objects = {

/* Begin PBXBuildFile section */
		246493651E2EDBD000858469 /* AppDelegate.swift in Sources */ = {isa = PBXBuildFile; fileRef = 246493641E2EDBD000858469 /* AppDelegate.swift */; };
		246493671E2EDBD000858469 /* ViewController.swift in Sources */ = {isa = PBXBuildFile; fileRef = 246493661E2EDBD000858469 /* ViewController.swift */; };
		2464936A1E2EDBD000858469 /* Main.storyboard in Resources */ = {isa = PBXBuildFile; fileRef = 246493681E2EDBD000858469 /* Main.storyboard */; };
		2464936C1E2EDBD000858469 /* Assets.xcassets in Resources */ = {isa = PBXBuildFile; fileRef = 2464936B1E2EDBD000858469 /* Assets.xcassets */; };
		2464936F1E2EDBD000858469 /* LaunchScreen.storyboard in Resources */ = {isa = PBXBuildFile; fileRef = 2464936D1E2EDBD000858469 /* LaunchScreen.storyboard */; };
/* End PBXBuildFile section */

/* Begin PBXFileReference section */
		246493611E2EDBD000858469 /* Funcoes.app */ = {isa = PBXFileReference; explicitFileType = wrapper.application; includeInIndex = 0; path = Funcoes.app; sourceTree = BUILT_PRODUCTS_DIR; };
		246493641E2EDBD000858469 /* AppDelegate.swift */ = {isa = PBXFileReference; lastKnownFileType = sourcecode.swift; path = AppDelegate.swift; sourceTree = "<group>"; };
		246493661E2EDBD000858469 /* ViewController.swift */ = {isa = PBXFileReference; lastKnownFileType = sourcecode.swift; path = ViewController.swift; sourceTree = "<group>"; };
		246493691E2EDBD000858469 /* Base */ = {isa = PBXFileReference; lastKnownFileType = file.storyboard; name = Base; path = Base.lproj/Main.storyboard; sourceTree = "<group>"; };
		2464936B1E2EDBD000858469 /* Assets.xcassets */ = {isa = PBXFileReference; lastKnownFileType = folder.assetcatalog; path = Assets.xcassets; sourceTree = "<group>"; };
		2464936E1E2EDBD000858469 /* Base */ = {isa = PBXFileReference; lastKnownFileType = file.storyboard; name = Base; path = Base.lproj/LaunchScreen.storyboard; sourceTree = "<group>"; };
		246493701E2EDBD000858469 /* Info.plist */ = {isa = PBXFileReference; lastKnownFileType = text.plist.xml; path = Info.plist; sourceTree = "<group>"; };
/* End PBXFileReference section */

/* Begin PBXFrameworksBuildPhase section */
		2464935E1E2EDBD000858469 /* Frameworks */ = {
			isa = PBXFrameworksBuildPhase;
			buildActionMask = 2147483647;
			files = (
			);
			runOnlyForDeploymentPostprocessing = 0;
		};
/* End PBXFrameworksBuildPhase section */

/* Begin PBXGroup section */
		246493581E2EDBD000858469 = {
			isa = PBXGroup;
			children = (
				246493631E2EDBD000858469 /* Funcoes */,
				246493621E2EDBD000858469 /* Products */,
			);
			sourceTree = "<group>";
		};
		246493621E2EDBD000858469 /* Products */ = {
			isa = PBXGroup;
			children = (
				246493611E2EDBD000858469 /* Funcoes.app */,
			);
			name = Products;
			sourceTree = "<group>";
		};
		246493631E2EDBD000858469 /* Funcoes */ = {
			isa = PBXGroup;
			children = (
				246493641E2EDBD000858469 /* AppDelegate.swift */,
				246493661E2EDBD000858469 /* ViewController.swift */,
				246493681E2EDBD000858469 /* Main.storyboard */,
				2464936B1E2EDBD000858469 /* Assets.xcassets */,
				2464936D1E2EDBD000858469 /* LaunchScreen.storyboard */,
				246493701E2EDBD000858469 /* Info.plist */,
			);
			path = Funcoes;
			sourceTree = "<group>";
		};
/* End PBXGroup section */

/* Begin PBXNativeTarget section */
		246493601E2EDBD000858469 /* Funcoes */ = {
			isa = PBXNativeTarget;
			buildConfigurationList = 246493731E2EDBD000858469 /* Build configuration list for PBXNativeTarget "Funcoes" */;
			buildPhases = (
				2464935D1E2EDBD000858469 /* Sources */,
				2464935E1E2EDBD000858469 /* Frameworks */,
				2464935F1E2EDBD000858469 /* Resources */,
			);
			buildRules = (
			);
			dependencies = (
			);
			name = Funcoes;
			productName = Funcoes;
			productReference = 246493611E2EDBD000858469 /* Funcoes.app */;
			productType = "com.apple.product-type.application";
		};
/* End PBXNativeTarget section */

/* Begin PBXProject section */
		246493591E2EDBD000858469 /* Project object */ = {
			isa = PBXProject;
			attributes = {
				LastSwiftUpdateCheck = 0820;
				LastUpgradeCheck = 0820;
				ORGANIZATIONNAME = pedronobre;
				TargetAttributes = {
					246493601E2EDBD000858469 = {
						CreatedOnToolsVersion = 8.2.1;
						ProvisioningStyle = Automatic;
					};
				};
			};
			buildConfigurationList = 2464935C1E2EDBD000858469 /* Build configuration list for PBXProject "Funcoes" */;
			compatibilityVersion = "Xcode 3.2";
			developmentRegion = English;
			hasScannedForEncodings = 0;
			knownRegions = (
				en,
				Base,
			);
			mainGroup = 246493581E2EDBD000858469;
			productRefGroup = 246493621E2EDBD000858469 /* Products */;
			projectDirPath = "";
			projectRoot = "";
			targets = (
				246493601E2EDBD000858469 /* Funcoes */,
			);
		};
/* End PBXProject section */

/* Begin PBXResourcesBuildPhase section */
		2464935F1E2EDBD000858469 /* Resources */ = {
			isa = PBXResourcesBuildPhase;
			buildActionMask = 2147483647;
			files = (
				2464936F1E2EDBD000858469 /* LaunchScreen.storyboard in Resources */,
				2464936C1E2EDBD000858469 /* Assets.xcassets in Resources */,
				2464936A1E2EDBD000858469 /* Main.storyboard in Resources */,
			);
			runOnlyForDeploymentPostprocessing = 0;
		};
/* End PBXResourcesBuildPhase section */

/* Begin PBXSourcesBuildPhase section */
		2464935D1E2EDBD000858469 /* Sources */ = {
			isa = PBXSourcesBuildPhase;
			buildActionMask = 2147483647;
			files = (
				246493671E2EDBD000858469 /* ViewController.swift in Sources */,
				246493651E2EDBD000858469 /* AppDelegate.swift in Sources */,
			);
			runOnlyForDeploymentPostprocessing = 0;
		};
/* End PBXSourcesBuildPhase section */

/* Begin PBXVariantGroup section */
		246493681E2EDBD000858469 /* Main.storyboard */ = {
			isa = PBXVariantGroup;
			children = (
				246493691E2EDBD000858469 /* Base */,
			);
			name = Main.storyboard;
			sourceTree = "<group>";
		};
		2464936D1E2EDBD000858469 /* LaunchScreen.storyboard */ = {
			isa = PBXVariantGroup;
			children = (
				2464936E1E2EDBD000858469 /* Base */,
			);
			name = LaunchScreen.storyboard;
			sourceTree = "<group>";
		};
/* End PBXVariantGroup section */

/* Begin XCBuildConfiguration section */
		246493711E2EDBD000858469 /* Debug */ = {
			isa = XCBuildConfiguration;
			buildSettings = {
				ALWAYS_SEARCH_USER_PATHS = NO;
				CLANG_ANALYZER_NONNULL = YES;
				CLANG_CXX_LANGUAGE_STANDARD = "gnu++0x";
				CLANG_CXX_LIBRARY = "libc++";
				CLANG_ENABLE_MODULES = YES;
				CLANG_ENABLE_OBJC_ARC = YES;
				CLANG_WARN_BOOL_CONVERSION = YES;
				CLANG_WARN_CONSTANT_CONVERSION = YES;
				CLANG_WARN_DIRECT_OBJC_ISA_USAGE = YES_ERROR;
				CLANG_WARN_DOCUMENTATION_COMMENTS = YES;
				CLANG_WARN_EMPTY_BODY = YES;
				CLANG_WARN_ENUM_CONVERSION = YES;
				CLANG_WARN_INFINITE_RECURSION = YES;
				CLANG_WARN_INT_CONVERSION = YES;
				CLANG_WARN_OBJC_ROOT_CLASS = YES_ERROR;
				CLANG_WARN_SUSPICIOUS_MOVE = YES;
				CLANG_WARN_UNREACHABLE_CODE = YES;
				CLANG_WARN__DUPLICATE_METHOD_MATCH = YES;
				"CODE_SIGN_IDENTITY[sdk=iphoneos*]" = "iPhone Developer";
				COPY_PHASE_STRIP = NO;
				DEBUG_INFORMATION_FORMAT = dwarf;
				ENABLE_STRICT_OBJC_MSGSEND = YES;
				ENABLE_TESTABILITY = YES;
				GCC_C_LANGUAGE_STANDARD = gnu99;
				GCC_DYNAMIC_NO_PIC = NO;
				GCC_NO_COMMON_BLOCKS = YES;
				GCC_OPTIMIZATION_LEVEL = 0;
				GCC_PREPROCESSOR_DEFINITIONS = (
					"DEBUG=1",
					"$(inherited)",
				);
				GCC_WARN_64_TO_32_BIT_CONVERSION = YES;
				GCC_WARN_ABOUT_RETURN_TYPE = YES_ERROR;
				GCC_WARN_UNDECLARED_SELECTOR = YES;
				GCC_WARN_UNINITIALIZED_AUTOS = YES_AGGRESSIVE;
				GCC_WARN_UNUSED_FUNCTION = YES;
				GCC_WARN_UNUSED_VARIABLE = YES;
				IPHONEOS_DEPLOYMENT_TARGET = 10.2;
				MTL_ENABLE_DEBUG_INFO = YES;
				ONLY_ACTIVE_ARCH = YES;
				SDKROOT = iphoneos;
				SWIFT_ACTIVE_COMPILATION_CONDITIONS = DEBUG;
				SWIFT_OPTIMIZATION_LEVEL = "-Onone";
				TARGETED_DEVICE_FAMILY = "1,2";
			};
			name = Debug;
		};
		246493721E2EDBD000858469 /* Release */ = {
			isa = XCBuildConfiguration;
			buildSettings = {
				ALWAYS_SEARCH_USER_PATHS = NO;
				CLANG_ANALYZER_NONNULL = YES;
				CLANG_CXX_LANGUAGE_STANDARD = "gnu++0x";
				CLANG_CXX_LIBRARY = "libc++";
				CLANG_ENABLE_MODULES = YES;
				CLANG_ENABLE_OBJC_ARC = YES;
				CLANG_WARN_BOOL_CONVERSION = YES;
				CLANG_WARN_CONSTANT_CONVERSION = YES;
				CLANG_WARN_DIRECT_OBJC_ISA_USAGE = YES_ERROR;
				CLANG_WARN_DOCUMENTATION_COMMENTS = YES;
				CLANG_WARN_EMPTY_BODY = YES;
				CLANG_WARN_ENUM_CONVERSION = YES;
				CLANG_WARN_INFINITE_RECURSION = YES;
				CLANG_WARN_INT_CONVERSION = YES;
				CLANG_WARN_OBJC_ROOT_CLASS = YES_ERROR;
				CLANG_WARN_SUSPICIOUS_MOVE = YES;
				CLANG_WARN_UNREACHABLE_CODE = YES;
				CLANG_WARN__DUPLICATE_METHOD_MATCH = YES;
				"CODE_SIGN_IDENTITY[sdk=iphoneos*]" = "iPhone Developer";
				COPY_PHASE_STRIP = NO;
				DEBUG_INFORMATION_FORMAT = "dwarf-with-dsym";
				ENABLE_NS_ASSERTIONS = NO;
				ENABLE_STRICT_OBJC_MSGSEND = YES;
				GCC_C_LANGUAGE_STANDARD = gnu99;
				GCC_NO_COMMON_BLOCKS = YES;
				GCC_WARN_64_TO_32_BIT_CONVERSION = YES;
				GCC_WARN_ABOUT_RETURN_TYPE = YES_ERROR;
				GCC_WARN_UNDECLARED_SELECTOR = YES;
				GCC_WARN_UNINITIALIZED_AUTOS = YES_AGGRESSIVE;
				GCC_WARN_UNUSED_FUNCTION = YES;
				GCC_WARN_UNUSED_VARIABLE = YES;
				IPHONEOS_DEPLOYMENT_TARGET = 10.2;
				MTL_ENABLE_DEBUG_INFO = NO;
				SDKROOT = iphoneos;
				SWIFT_OPTIMIZATION_LEVEL = "-Owholemodule";
				TARGETED_DEVICE_FAMILY = "1,2";
				VALIDATE_PRODUCT = YES;
			};
			name = Release;
		};
		246493741E2EDBD000858469 /* Debug */ = {
			isa = XCBuildConfiguration;
			buildSettings = {
				ASSETCATALOG_COMPILER_APPICON_NAME = AppIcon;
				INFOPLIST_FILE = Funcoes/Info.plist;
				LD_RUNPATH_SEARCH_PATHS = "$(inherited) @executable_path/Frameworks";
				PRODUCT_BUNDLE_IDENTIFIER = com.teste.Funcoes;
				PRODUCT_NAME = "$(TARGET_NAME)";
				SWIFT_VERSION = 3.0;
			};
			name = Debug;
		};
		246493751E2EDBD000858469 /* Release */ = {
			isa = XCBuildConfiguration;
			buildSettings = {
				ASSETCATALOG_COMPILER_APPICON_NAME = AppIcon;
				INFOPLIST_FILE = Funcoes/Info.plist;
				LD_RUNPATH_SEARCH_PATHS = "$(inherited) @executable_path/Frameworks";
				PRODUCT_BUNDLE_IDENTIFIER = com.teste.Funcoes;
				PRODUCT_NAME = "$(TARGET_NAME)";
				SWIFT_VERSION = 3.0;
			};
			name = Release;
		};
/* End XCBuildConfiguration section */

/* Begin XCConfigurationList section */
		2464935C1E2EDBD000858469 /* Build configuration list for PBXProject "Funcoes" */ = {
			isa = XCConfigurationList;
			buildConfigurations = (
				246493711E2EDBD000858469 /* Debug */,
				246493721E2EDBD000858469 /* Release */,
			);
			defaultConfigurationIsVisible = 0;
			defaultConfigurationName = Release;
		};
		246493731E2EDBD000858469 /* Build configuration list for PBXNativeTarget "Funcoes" */ = {
			isa = XCConfigurationList;
			buildConfigurations = (
				246493741E2EDBD000858469 /* Debug */,
				246493751E2EDBD000858469 /* Release */,
			);
			defaultConfigurationIsVisible = 0;
		};
/* End XCConfigurationList section */
	};
	rootObject = 246493591E2EDBD000858469 /* Project object */;
}
