// !$*UTF8*$!
{
	archiveVersion = 1;
	classes = {
	};
	objectVersion = 46;
	objects = {

/* Begin PBXBuildFile section */
		245A0CCD1E36D1310090789D /* AppDelegate.swift in Sources */ = {isa = PBXBuildFile; fileRef = 245A0CCC1E36D1310090789D /* AppDelegate.swift */; };
		245A0CCF1E36D1310090789D /* ViewController.swift in Sources */ = {isa = PBXBuildFile; fileRef = 245A0CCE1E36D1310090789D /* ViewController.swift */; };
		245A0CD21E36D1310090789D /* Main.storyboard in Resources */ = {isa = PBXBuildFile; fileRef = 245A0CD01E36D1310090789D /* Main.storyboard */; };
		245A0CD41E36D1310090789D /* Assets.xcassets in Resources */ = {isa = PBXBuildFile; fileRef = 245A0CD31E36D1310090789D /* Assets.xcassets */; };
		245A0CD71E36D1310090789D /* LaunchScreen.storyboard in Resources */ = {isa = PBXBuildFile; fileRef = 245A0CD51E36D1310090789D /* LaunchScreen.storyboard */; };
/* End PBXBuildFile section */

/* Begin PBXFileReference section */
		245A0CC91E36D1310090789D /* PickerData.app */ = {isa = PBXFileReference; explicitFileType = wrapper.application; includeInIndex = 0; path = PickerData.app; sourceTree = BUILT_PRODUCTS_DIR; };
		245A0CCC1E36D1310090789D /* AppDelegate.swift */ = {isa = PBXFileReference; lastKnownFileType = sourcecode.swift; path = AppDelegate.swift; sourceTree = "<group>"; };
		245A0CCE1E36D1310090789D /* ViewController.swift */ = {isa = PBXFileReference; lastKnownFileType = sourcecode.swift; path = ViewController.swift; sourceTree = "<group>"; };
		245A0CD11E36D1310090789D /* Base */ = {isa = PBXFileReference; lastKnownFileType = file.storyboard; name = Base; path = Base.lproj/Main.storyboard; sourceTree = "<group>"; };
		245A0CD31E36D1310090789D /* Assets.xcassets */ = {isa = PBXFileReference; lastKnownFileType = folder.assetcatalog; path = Assets.xcassets; sourceTree = "<group>"; };
		245A0CD61E36D1310090789D /* Base */ = {isa = PBXFileReference; lastKnownFileType = file.storyboard; name = Base; path = Base.lproj/LaunchScreen.storyboard; sourceTree = "<group>"; };
		245A0CD81E36D1310090789D /* Info.plist */ = {isa = PBXFileReference; lastKnownFileType = text.plist.xml; path = Info.plist; sourceTree = "<group>"; };
/* End PBXFileReference section */

/* Begin PBXFrameworksBuildPhase section */
		245A0CC61E36D1310090789D /* Frameworks */ = {
			isa = PBXFrameworksBuildPhase;
			buildActionMask = 2147483647;
			files = (
			);
			runOnlyForDeploymentPostprocessing = 0;
		};
/* End PBXFrameworksBuildPhase section */

/* Begin PBXGroup section */
		245A0CC01E36D1310090789D = {
			isa = PBXGroup;
			children = (
				245A0CCB1E36D1310090789D /* PickerData */,
				245A0CCA1E36D1310090789D /* Products */,
			);
			sourceTree = "<group>";
		};
		245A0CCA1E36D1310090789D /* Products */ = {
			isa = PBXGroup;
			children = (
				245A0CC91E36D1310090789D /* PickerData.app */,
			);
			name = Products;
			sourceTree = "<group>";
		};
		245A0CCB1E36D1310090789D /* PickerData */ = {
			isa = PBXGroup;
			children = (
				245A0CCC1E36D1310090789D /* AppDelegate.swift */,
				245A0CCE1E36D1310090789D /* ViewController.swift */,
				245A0CD01E36D1310090789D /* Main.storyboard */,
				245A0CD31E36D1310090789D /* Assets.xcassets */,
				245A0CD51E36D1310090789D /* LaunchScreen.storyboard */,
				245A0CD81E36D1310090789D /* Info.plist */,
			);
			path = PickerData;
			sourceTree = "<group>";
		};
/* End PBXGroup section */

/* Begin PBXNativeTarget section */
		245A0CC81E36D1310090789D /* PickerData */ = {
			isa = PBXNativeTarget;
			buildConfigurationList = 245A0CDB1E36D1310090789D /* Build configuration list for PBXNativeTarget "PickerData" */;
			buildPhases = (
				245A0CC51E36D1310090789D /* Sources */,
				245A0CC61E36D1310090789D /* Frameworks */,
				245A0CC71E36D1310090789D /* Resources */,
			);
			buildRules = (
			);
			dependencies = (
			);
			name = PickerData;
			productName = PickerData;
			productReference = 245A0CC91E36D1310090789D /* PickerData.app */;
			productType = "com.apple.product-type.application";
		};
/* End PBXNativeTarget section */

/* Begin PBXProject section */
		245A0CC11E36D1310090789D /* Project object */ = {
			isa = PBXProject;
			attributes = {
				LastSwiftUpdateCheck = 0820;
				LastUpgradeCheck = 0820;
				ORGANIZATIONNAME = pedronobre;
				TargetAttributes = {
					245A0CC81E36D1310090789D = {
						CreatedOnToolsVersion = 8.2.1;
						ProvisioningStyle = Automatic;
					};
				};
			};
			buildConfigurationList = 245A0CC41E36D1310090789D /* Build configuration list for PBXProject "PickerData" */;
			compatibilityVersion = "Xcode 3.2";
			developmentRegion = English;
			hasScannedForEncodings = 0;
			knownRegions = (
				en,
				Base,
			);
			mainGroup = 245A0CC01E36D1310090789D;
			productRefGroup = 245A0CCA1E36D1310090789D /* Products */;
			projectDirPath = "";
			projectRoot = "";
			targets = (
				245A0CC81E36D1310090789D /* PickerData */,
			);
		};
/* End PBXProject section */

/* Begin PBXResourcesBuildPhase section */
		245A0CC71E36D1310090789D /* Resources */ = {
			isa = PBXResourcesBuildPhase;
			buildActionMask = 2147483647;
			files = (
				245A0CD71E36D1310090789D /* LaunchScreen.storyboard in Resources */,
				245A0CD41E36D1310090789D /* Assets.xcassets in Resources */,
				245A0CD21E36D1310090789D /* Main.storyboard in Resources */,
			);
			runOnlyForDeploymentPostprocessing = 0;
		};
/* End PBXResourcesBuildPhase section */

/* Begin PBXSourcesBuildPhase section */
		245A0CC51E36D1310090789D /* Sources */ = {
			isa = PBXSourcesBuildPhase;
			buildActionMask = 2147483647;
			files = (
				245A0CCF1E36D1310090789D /* ViewController.swift in Sources */,
				245A0CCD1E36D1310090789D /* AppDelegate.swift in Sources */,
			);
			runOnlyForDeploymentPostprocessing = 0;
		};
/* End PBXSourcesBuildPhase section */

/* Begin PBXVariantGroup section */
		245A0CD01E36D1310090789D /* Main.storyboard */ = {
			isa = PBXVariantGroup;
			children = (
				245A0CD11E36D1310090789D /* Base */,
			);
			name = Main.storyboard;
			sourceTree = "<group>";
		};
		245A0CD51E36D1310090789D /* LaunchScreen.storyboard */ = {
			isa = PBXVariantGroup;
			children = (
				245A0CD61E36D1310090789D /* Base */,
			);
			name = LaunchScreen.storyboard;
			sourceTree = "<group>";
		};
/* End PBXVariantGroup section */

/* Begin XCBuildConfiguration section */
		245A0CD91E36D1310090789D /* Debug */ = {
			isa = XCBuildConfiguration;
			buildSettings = {
				ALWAYS_SEARCH_USER_PATHS = NO;
				CLANG_ANALYZER_NONNULL = YES;
				CLANG_CXX_LANGUAGE_STANDARD = "gnu++0x";
				CLANG_CXX_LIBRARY = "libc++";
				CLANG_ENABLE_MODULES = YES;
				CLANG_ENABLE_OBJC_ARC = YES;
				CLANG_WARN_BOOL_CONVERSION = YES;
				CLANG_WARN_CONSTANT_CONVERSION = YES;
				CLANG_WARN_DIRECT_OBJC_ISA_USAGE = YES_ERROR;
				CLANG_WARN_DOCUMENTATION_COMMENTS = YES;
				CLANG_WARN_EMPTY_BODY = YES;
				CLANG_WARN_ENUM_CONVERSION = YES;
				CLANG_WARN_INFINITE_RECURSION = YES;
				CLANG_WARN_INT_CONVERSION = YES;
				CLANG_WARN_OBJC_ROOT_CLASS = YES_ERROR;
				CLANG_WARN_SUSPICIOUS_MOVE = YES;
				CLANG_WARN_UNREACHABLE_CODE = YES;
				CLANG_WARN__DUPLICATE_METHOD_MATCH = YES;
				"CODE_SIGN_IDENTITY[sdk=iphoneos*]" = "iPhone Developer";
				COPY_PHASE_STRIP = NO;
				DEBUG_INFORMATION_FORMAT = dwarf;
				ENABLE_STRICT_OBJC_MSGSEND = YES;
				ENABLE_TESTABILITY = YES;
				GCC_C_LANGUAGE_STANDARD = gnu99;
				GCC_DYNAMIC_NO_PIC = NO;
				GCC_NO_COMMON_BLOCKS = YES;
				GCC_OPTIMIZATION_LEVEL = 0;
				GCC_PREPROCESSOR_DEFINITIONS = (
					"DEBUG=1",
					"$(inherited)",
				);
				GCC_WARN_64_TO_32_BIT_CONVERSION = YES;
				GCC_WARN_ABOUT_RETURN_TYPE = YES_ERROR;
				GCC_WARN_UNDECLARED_SELECTOR = YES;
				GCC_WARN_UNINITIALIZED_AUTOS = YES_AGGRESSIVE;
				GCC_WARN_UNUSED_FUNCTION = YES;
				GCC_WARN_UNUSED_VARIABLE = YES;
				IPHONEOS_DEPLOYMENT_TARGET = 10.2;
				MTL_ENABLE_DEBUG_INFO = YES;
				ONLY_ACTIVE_ARCH = YES;
				SDKROOT = iphoneos;
				SWIFT_ACTIVE_COMPILATION_CONDITIONS = DEBUG;
				SWIFT_OPTIMIZATION_LEVEL = "-Onone";
				TARGETED_DEVICE_FAMILY = "1,2";
			};
			name = Debug;
		};
		245A0CDA1E36D1310090789D /* Release */ = {
			isa = XCBuildConfiguration;
			buildSettings = {
				ALWAYS_SEARCH_USER_PATHS = NO;
				CLANG_ANALYZER_NONNULL = YES;
				CLANG_CXX_LANGUAGE_STANDARD = "gnu++0x";
				CLANG_CXX_LIBRARY = "libc++";
				CLANG_ENABLE_MODULES = YES;
				CLANG_ENABLE_OBJC_ARC = YES;
				CLANG_WARN_BOOL_CONVERSION = YES;
				CLANG_WARN_CONSTANT_CONVERSION = YES;
				CLANG_WARN_DIRECT_OBJC_ISA_USAGE = YES_ERROR;
				CLANG_WARN_DOCUMENTATION_COMMENTS = YES;
				CLANG_WARN_EMPTY_BODY = YES;
				CLANG_WARN_ENUM_CONVERSION = YES;
				CLANG_WARN_INFINITE_RECURSION = YES;
				CLANG_WARN_INT_CONVERSION = YES;
				CLANG_WARN_OBJC_ROOT_CLASS = YES_ERROR;
				CLANG_WARN_SUSPICIOUS_MOVE = YES;
				CLANG_WARN_UNREACHABLE_CODE = YES;
				CLANG_WARN__DUPLICATE_METHOD_MATCH = YES;
				"CODE_SIGN_IDENTITY[sdk=iphoneos*]" = "iPhone Developer";
				COPY_PHASE_STRIP = NO;
				DEBUG_INFORMATION_FORMAT = "dwarf-with-dsym";
				ENABLE_NS_ASSERTIONS = NO;
				ENABLE_STRICT_OBJC_MSGSEND = YES;
				GCC_C_LANGUAGE_STANDARD = gnu99;
				GCC_NO_COMMON_BLOCKS = YES;
				GCC_WARN_64_TO_32_BIT_CONVERSION = YES;
				GCC_WARN_ABOUT_RETURN_TYPE = YES_ERROR;
				GCC_WARN_UNDECLARED_SELECTOR = YES;
				GCC_WARN_UNINITIALIZED_AUTOS = YES_AGGRESSIVE;
				GCC_WARN_UNUSED_FUNCTION = YES;
				GCC_WARN_UNUSED_VARIABLE = YES;
				IPHONEOS_DEPLOYMENT_TARGET = 10.2;
				MTL_ENABLE_DEBUG_INFO = NO;
				SDKROOT = iphoneos;
				SWIFT_OPTIMIZATION_LEVEL = "-Owholemodule";
				TARGETED_DEVICE_FAMILY = "1,2";
				VALIDATE_PRODUCT = YES;
			};
			name = Release;
		};
		245A0CDC1E36D1310090789D /* Debug */ = {
			isa = XCBuildConfiguration;
			buildSettings = {
				ASSETCATALOG_COMPILER_APPICON_NAME = AppIcon;
				INFOPLIST_FILE = PickerData/Info.plist;
				LD_RUNPATH_SEARCH_PATHS = "$(inherited) @executable_path/Frameworks";
				PRODUCT_BUNDLE_IDENTIFIER = com.teste.PickerData;
				PRODUCT_NAME = "$(TARGET_NAME)";
				SWIFT_VERSION = 3.0;
			};
			name = Debug;
		};
		245A0CDD1E36D1310090789D /* Release */ = {
			isa = XCBuildConfiguration;
			buildSettings = {
				ASSETCATALOG_COMPILER_APPICON_NAME = AppIcon;
				INFOPLIST_FILE = PickerData/Info.plist;
				LD_RUNPATH_SEARCH_PATHS = "$(inherited) @executable_path/Frameworks";
				PRODUCT_BUNDLE_IDENTIFIER = com.teste.PickerData;
				PRODUCT_NAME = "$(TARGET_NAME)";
				SWIFT_VERSION = 3.0;
			};
			name = Release;
		};
/* End XCBuildConfiguration section */

/* Begin XCConfigurationList section */
		245A0CC41E36D1310090789D /* Build configuration list for PBXProject "PickerData" */ = {
			isa = XCConfigurationList;
			buildConfigurations = (
				245A0CD91E36D1310090789D /* Debug */,
				245A0CDA1E36D1310090789D /* Release */,
			);
			defaultConfigurationIsVisible = 0;
			defaultConfigurationName = Release;
		};
		245A0CDB1E36D1310090789D /* Build configuration list for PBXNativeTarget "PickerData" */ = {
			isa = XCConfigurationList;
			buildConfigurations = (
				245A0CDC1E36D1310090789D /* Debug */,
				245A0CDD1E36D1310090789D /* Release */,
			);
			defaultConfigurationIsVisible = 0;
		};
/* End XCConfigurationList section */
	};
	rootObject = 245A0CC11E36D1310090789D /* Project object */;
}
